// !$*UTF8*$!
{
	archiveVersion = 1;
	classes = {
	};
	objectVersion = 46;
	objects = {

/* Begin PBXBuildFile section */
		42AB93DE1CF1BB04005BE167 /* AppDelegate.swift in Sources */ = {isa = PBXBuildFile; fileRef = 42AB93DD1CF1BB04005BE167 /* AppDelegate.swift */; };
		42AB93E31CF1BB04005BE167 /* Main.storyboard in Resources */ = {isa = PBXBuildFile; fileRef = 42AB93E11CF1BB04005BE167 /* Main.storyboard */; };
		42AB93E61CF1BB04005BE167 /* Re_Trek.xcdatamodeld in Sources */ = {isa = PBXBuildFile; fileRef = 42AB93E41CF1BB04005BE167 /* Re_Trek.xcdatamodeld */; };
		42AB93E81CF1BB04005BE167 /* Assets.xcassets in Resources */ = {isa = PBXBuildFile; fileRef = 42AB93E71CF1BB04005BE167 /* Assets.xcassets */; };
		42AB93EB1CF1BB04005BE167 /* LaunchScreen.storyboard in Resources */ = {isa = PBXBuildFile; fileRef = 42AB93E91CF1BB04005BE167 /* LaunchScreen.storyboard */; };
		42AB93F31CF1BB5A005BE167 /* HomeScreen.swift in Sources */ = {isa = PBXBuildFile; fileRef = 42AB93F21CF1BB5A005BE167 /* HomeScreen.swift */; };
		42AB93F51CF1BCD2005BE167 /* MainButton.swift in Sources */ = {isa = PBXBuildFile; fileRef = 42AB93F41CF1BCD2005BE167 /* MainButton.swift */; };
		42AB93F91CF1BDFC005BE167 /* Colors.swift in Sources */ = {isa = PBXBuildFile; fileRef = 42AB93F81CF1BDFC005BE167 /* Colors.swift */; };
		42AB93FC1CF1BE97005BE167 /* ButtonBorder.swift in Sources */ = {isa = PBXBuildFile; fileRef = 42AB93FB1CF1BE97005BE167 /* ButtonBorder.swift */; };
		42AB93FE1CF1CDCB005BE167 /* Settings.swift in Sources */ = {isa = PBXBuildFile; fileRef = 42AB93FD1CF1CDCB005BE167 /* Settings.swift */; };
		42AB94001CF1CF10005BE167 /* TableViewCell.swift in Sources */ = {isa = PBXBuildFile; fileRef = 42AB93FF1CF1CF10005BE167 /* TableViewCell.swift */; };
		42AB94021CF1DD07005BE167 /* RoundedButton.swift in Sources */ = {isa = PBXBuildFile; fileRef = 42AB94011CF1DD07005BE167 /* RoundedButton.swift */; };
		42AB94041CF1DF10005BE167 /* episodes.json in Resources */ = {isa = PBXBuildFile; fileRef = 42AB94031CF1DF10005BE167 /* episodes.json */; };
		42AB94061CF1F80F005BE167 /* RoundedImage.swift in Sources */ = {isa = PBXBuildFile; fileRef = 42AB94051CF1F80F005BE167 /* RoundedImage.swift */; };
		42AB94081CF1F87E005BE167 /* EpisodeScreen.swift in Sources */ = {isa = PBXBuildFile; fileRef = 42AB94071CF1F87E005BE167 /* EpisodeScreen.swift */; };
		42AB940A1CF21F47005BE167 /* SelectEpisode.swift in Sources */ = {isa = PBXBuildFile; fileRef = 42AB94091CF21F47005BE167 /* SelectEpisode.swift */; };
/* End PBXBuildFile section */

/* Begin PBXFileReference section */
		42AB93DA1CF1BB04005BE167 /* Re-Trek.app */ = {isa = PBXFileReference; explicitFileType = wrapper.application; includeInIndex = 0; path = "Re-Trek.app"; sourceTree = BUILT_PRODUCTS_DIR; };
		42AB93DD1CF1BB04005BE167 /* AppDelegate.swift */ = {isa = PBXFileReference; lastKnownFileType = sourcecode.swift; path = AppDelegate.swift; sourceTree = "<group>"; };
		42AB93E21CF1BB04005BE167 /* Base */ = {isa = PBXFileReference; lastKnownFileType = file.storyboard; name = Base; path = Base.lproj/Main.storyboard; sourceTree = "<group>"; };
		42AB93E51CF1BB04005BE167 /* Re_Trek.xcdatamodel */ = {isa = PBXFileReference; lastKnownFileType = wrapper.xcdatamodel; path = Re_Trek.xcdatamodel; sourceTree = "<group>"; };
		42AB93E71CF1BB04005BE167 /* Assets.xcassets */ = {isa = PBXFileReference; lastKnownFileType = folder.assetcatalog; path = Assets.xcassets; sourceTree = "<group>"; };
		42AB93EA1CF1BB04005BE167 /* Base */ = {isa = PBXFileReference; lastKnownFileType = file.storyboard; name = Base; path = Base.lproj/LaunchScreen.storyboard; sourceTree = "<group>"; };
		42AB93EC1CF1BB04005BE167 /* Info.plist */ = {isa = PBXFileReference; lastKnownFileType = text.plist.xml; path = Info.plist; sourceTree = "<group>"; };
		42AB93F21CF1BB5A005BE167 /* HomeScreen.swift */ = {isa = PBXFileReference; fileEncoding = 4; lastKnownFileType = sourcecode.swift; path = HomeScreen.swift; sourceTree = "<group>"; };
		42AB93F41CF1BCD2005BE167 /* MainButton.swift */ = {isa = PBXFileReference; fileEncoding = 4; lastKnownFileType = sourcecode.swift; path = MainButton.swift; sourceTree = "<group>"; };
		42AB93F81CF1BDFC005BE167 /* Colors.swift */ = {isa = PBXFileReference; fileEncoding = 4; lastKnownFileType = sourcecode.swift; path = Colors.swift; sourceTree = "<group>"; };
		42AB93FB1CF1BE97005BE167 /* ButtonBorder.swift */ = {isa = PBXFileReference; fileEncoding = 4; lastKnownFileType = sourcecode.swift; path = ButtonBorder.swift; sourceTree = "<group>"; };
		42AB93FD1CF1CDCB005BE167 /* Settings.swift */ = {isa = PBXFileReference; fileEncoding = 4; lastKnownFileType = sourcecode.swift; path = Settings.swift; sourceTree = "<group>"; };
		42AB93FF1CF1CF10005BE167 /* TableViewCell.swift */ = {isa = PBXFileReference; fileEncoding = 4; lastKnownFileType = sourcecode.swift; path = TableViewCell.swift; sourceTree = "<group>"; };
		42AB94011CF1DD07005BE167 /* RoundedButton.swift */ = {isa = PBXFileReference; fileEncoding = 4; lastKnownFileType = sourcecode.swift; path = RoundedButton.swift; sourceTree = "<group>"; };
		42AB94031CF1DF10005BE167 /* episodes.json */ = {isa = PBXFileReference; fileEncoding = 4; lastKnownFileType = text.json; path = episodes.json; sourceTree = "<group>"; };
		42AB94051CF1F80F005BE167 /* RoundedImage.swift */ = {isa = PBXFileReference; fileEncoding = 4; lastKnownFileType = sourcecode.swift; path = RoundedImage.swift; sourceTree = "<group>"; };
		42AB94071CF1F87E005BE167 /* EpisodeScreen.swift */ = {isa = PBXFileReference; fileEncoding = 4; lastKnownFileType = sourcecode.swift; path = EpisodeScreen.swift; sourceTree = "<group>"; };
		42AB94091CF21F47005BE167 /* SelectEpisode.swift */ = {isa = PBXFileReference; fileEncoding = 4; lastKnownFileType = sourcecode.swift; path = SelectEpisode.swift; sourceTree = "<group>"; };
/* End PBXFileReference section */

/* Begin PBXFrameworksBuildPhase section */
		42AB93D71CF1BB04005BE167 /* Frameworks */ = {
			isa = PBXFrameworksBuildPhase;
			buildActionMask = 2147483647;
			files = (
			);
			runOnlyForDeploymentPostprocessing = 0;
		};
/* End PBXFrameworksBuildPhase section */

/* Begin PBXGroup section */
		42AB93D11CF1BB04005BE167 = {
			isa = PBXGroup;
			children = (
				42AB93DC1CF1BB04005BE167 /* Re-Trek */,
				42AB93DB1CF1BB04005BE167 /* Products */,
			);
			sourceTree = "<group>";
		};
		42AB93DB1CF1BB04005BE167 /* Products */ = {
			isa = PBXGroup;
			children = (
				42AB93DA1CF1BB04005BE167 /* Re-Trek.app */,
			);
			name = Products;
			sourceTree = "<group>";
		};
		42AB93DC1CF1BB04005BE167 /* Re-Trek */ = {
			isa = PBXGroup;
			children = (
				42AB93E11CF1BB04005BE167 /* Main.storyboard */,
				42AB93F71CF1BCEC005BE167 /* View controllers */,
				42AB93F61CF1BCD6005BE167 /* Style subclasses */,
				42AB93FA1CF1BDFF005BE167 /* Global */,
				42AB93DD1CF1BB04005BE167 /* AppDelegate.swift */,
				42AB93E71CF1BB04005BE167 /* Assets.xcassets */,
				42AB93E91CF1BB04005BE167 /* LaunchScreen.storyboard */,
				42AB93EC1CF1BB04005BE167 /* Info.plist */,
				42AB93E41CF1BB04005BE167 /* Re_Trek.xcdatamodeld */,
			);
			path = "Re-Trek";
			sourceTree = "<group>";
		};
		42AB93F61CF1BCD6005BE167 /* Style subclasses */ = {
			isa = PBXGroup;
			children = (
				42AB93F41CF1BCD2005BE167 /* MainButton.swift */,
				42AB93FB1CF1BE97005BE167 /* ButtonBorder.swift */,
				42AB93FF1CF1CF10005BE167 /* TableViewCell.swift */,
				42AB94011CF1DD07005BE167 /* RoundedButton.swift */,
				42AB94051CF1F80F005BE167 /* RoundedImage.swift */,
			);
			name = "Style subclasses";
			sourceTree = "<group>";
		};
		42AB93F71CF1BCEC005BE167 /* View controllers */ = {
			isa = PBXGroup;
			children = (
				42AB93F21CF1BB5A005BE167 /* HomeScreen.swift */,
				42AB93FD1CF1CDCB005BE167 /* Settings.swift */,
				42AB94071CF1F87E005BE167 /* EpisodeScreen.swift */,
			);
			name = "View controllers";
			sourceTree = "<group>";
		};
		42AB93FA1CF1BDFF005BE167 /* Global */ = {
			isa = PBXGroup;
			children = (
				42AB93F81CF1BDFC005BE167 /* Colors.swift */,
				42AB94031CF1DF10005BE167 /* episodes.json */,
				42AB94091CF21F47005BE167 /* SelectEpisode.swift */,
			);
			name = Global;
			sourceTree = "<group>";
		};
/* End PBXGroup section */

/* Begin PBXNativeTarget section */
		42AB93D91CF1BB04005BE167 /* Re-Trek */ = {
			isa = PBXNativeTarget;
			buildConfigurationList = 42AB93EF1CF1BB04005BE167 /* Build configuration list for PBXNativeTarget "Re-Trek" */;
			buildPhases = (
				42AB93D61CF1BB04005BE167 /* Sources */,
				42AB93D71CF1BB04005BE167 /* Frameworks */,
				42AB93D81CF1BB04005BE167 /* Resources */,
			);
			buildRules = (
			);
			dependencies = (
			);
			name = "Re-Trek";
			productName = "Re-Trek";
			productReference = 42AB93DA1CF1BB04005BE167 /* Re-Trek.app */;
			productType = "com.apple.product-type.application";
		};
/* End PBXNativeTarget section */

/* Begin PBXProject section */
		42AB93D21CF1BB04005BE167 /* Project object */ = {
			isa = PBXProject;
			attributes = {
				LastSwiftUpdateCheck = 0730;
				LastUpgradeCheck = 0730;
				ORGANIZATIONNAME = "Austin Wood";
				TargetAttributes = {
					42AB93D91CF1BB04005BE167 = {
						CreatedOnToolsVersion = 7.3;
					};
				};
			};
			buildConfigurationList = 42AB93D51CF1BB04005BE167 /* Build configuration list for PBXProject "Re-Trek" */;
			compatibilityVersion = "Xcode 3.2";
			developmentRegion = English;
			hasScannedForEncodings = 0;
			knownRegions = (
				en,
				Base,
			);
			mainGroup = 42AB93D11CF1BB04005BE167;
			productRefGroup = 42AB93DB1CF1BB04005BE167 /* Products */;
			projectDirPath = "";
			projectRoot = "";
			targets = (
				42AB93D91CF1BB04005BE167 /* Re-Trek */,
			);
		};
/* End PBXProject section */

/* Begin PBXResourcesBuildPhase section */
		42AB93D81CF1BB04005BE167 /* Resources */ = {
			isa = PBXResourcesBuildPhase;
			buildActionMask = 2147483647;
			files = (
				42AB93EB1CF1BB04005BE167 /* LaunchScreen.storyboard in Resources */,
				42AB94041CF1DF10005BE167 /* episodes.json in Resources */,
				42AB93E81CF1BB04005BE167 /* Assets.xcassets in Resources */,
				42AB93E31CF1BB04005BE167 /* Main.storyboard in Resources */,
			);
			runOnlyForDeploymentPostprocessing = 0;
		};
/* End PBXResourcesBuildPhase section */

/* Begin PBXSourcesBuildPhase section */
		42AB93D61CF1BB04005BE167 /* Sources */ = {
			isa = PBXSourcesBuildPhase;
			buildActionMask = 2147483647;
			files = (
				42AB93F51CF1BCD2005BE167 /* MainButton.swift in Sources */,
				42AB94001CF1CF10005BE167 /* TableViewCell.swift in Sources */,
				42AB93FC1CF1BE97005BE167 /* ButtonBorder.swift in Sources */,
				42AB93F91CF1BDFC005BE167 /* Colors.swift in Sources */,
				42AB94021CF1DD07005BE167 /* RoundedButton.swift in Sources */,
				42AB93E61CF1BB04005BE167 /* Re_Trek.xcdatamodeld in Sources */,
				42AB93FE1CF1CDCB005BE167 /* Settings.swift in Sources */,
				42AB94061CF1F80F005BE167 /* RoundedImage.swift in Sources */,
				42AB93DE1CF1BB04005BE167 /* AppDelegate.swift in Sources */,
				42AB93F31CF1BB5A005BE167 /* HomeScreen.swift in Sources */,
				42AB94081CF1F87E005BE167 /* EpisodeScreen.swift in Sources */,
				42AB940A1CF21F47005BE167 /* SelectEpisode.swift in Sources */,
			);
			runOnlyForDeploymentPostprocessing = 0;
		};
/* End PBXSourcesBuildPhase section */

/* Begin PBXVariantGroup section */
		42AB93E11CF1BB04005BE167 /* Main.storyboard */ = {
			isa = PBXVariantGroup;
			children = (
				42AB93E21CF1BB04005BE167 /* Base */,
			);
			name = Main.storyboard;
			sourceTree = "<group>";
		};
		42AB93E91CF1BB04005BE167 /* LaunchScreen.storyboard */ = {
			isa = PBXVariantGroup;
			children = (
				42AB93EA1CF1BB04005BE167 /* Base */,
			);
			name = LaunchScreen.storyboard;
			sourceTree = "<group>";
		};
/* End PBXVariantGroup section */

/* Begin XCBuildConfiguration section */
		42AB93ED1CF1BB04005BE167 /* Debug */ = {
			isa = XCBuildConfiguration;
			buildSettings = {
				ALWAYS_SEARCH_USER_PATHS = NO;
				CLANG_CXX_LANGUAGE_STANDARD = "gnu++0x";
				CLANG_CXX_LIBRARY = "libc++";
				CLANG_ENABLE_MODULES = YES;
				CLANG_ENABLE_OBJC_ARC = YES;
				CLANG_WARN_BOOL_CONVERSION = YES;
				CLANG_WARN_CONSTANT_CONVERSION = YES;
				CLANG_WARN_DIRECT_OBJC_ISA_USAGE = YES_ERROR;
				CLANG_WARN_EMPTY_BODY = YES;
				CLANG_WARN_ENUM_CONVERSION = YES;
				CLANG_WARN_INT_CONVERSION = YES;
				CLANG_WARN_OBJC_ROOT_CLASS = YES_ERROR;
				CLANG_WARN_UNREACHABLE_CODE = YES;
				CLANG_WARN__DUPLICATE_METHOD_MATCH = YES;
				"CODE_SIGN_IDENTITY[sdk=iphoneos*]" = "iPhone Developer";
				COPY_PHASE_STRIP = NO;
				DEBUG_INFORMATION_FORMAT = dwarf;
				ENABLE_STRICT_OBJC_MSGSEND = YES;
				ENABLE_TESTABILITY = YES;
				GCC_C_LANGUAGE_STANDARD = gnu99;
				GCC_DYNAMIC_NO_PIC = NO;
				GCC_NO_COMMON_BLOCKS = YES;
				GCC_OPTIMIZATION_LEVEL = 0;
				GCC_PREPROCESSOR_DEFINITIONS = (
					"DEBUG=1",
					"$(inherited)",
				);
				GCC_WARN_64_TO_32_BIT_CONVERSION = YES;
				GCC_WARN_ABOUT_RETURN_TYPE = YES_ERROR;
				GCC_WARN_UNDECLARED_SELECTOR = YES;
				GCC_WARN_UNINITIALIZED_AUTOS = YES_AGGRESSIVE;
				GCC_WARN_UNUSED_FUNCTION = YES;
				GCC_WARN_UNUSED_VARIABLE = YES;
				IPHONEOS_DEPLOYMENT_TARGET = 9.3;
				MTL_ENABLE_DEBUG_INFO = YES;
				ONLY_ACTIVE_ARCH = YES;
				SDKROOT = iphoneos;
				SWIFT_OPTIMIZATION_LEVEL = "-Onone";
				TARGETED_DEVICE_FAMILY = "1,2";
			};
			name = Debug;
		};
		42AB93EE1CF1BB04005BE167 /* Release */ = {
			isa = XCBuildConfiguration;
			buildSettings = {
				ALWAYS_SEARCH_USER_PATHS = NO;
				CLANG_CXX_LANGUAGE_STANDARD = "gnu++0x";
				CLANG_CXX_LIBRARY = "libc++";
				CLANG_ENABLE_MODULES = YES;
				CLANG_ENABLE_OBJC_ARC = YES;
				CLANG_WARN_BOOL_CONVERSION = YES;
				CLANG_WARN_CONSTANT_CONVERSION = YES;
				CLANG_WARN_DIRECT_OBJC_ISA_USAGE = YES_ERROR;
				CLANG_WARN_EMPTY_BODY = YES;
				CLANG_WARN_ENUM_CONVERSION = YES;
				CLANG_WARN_INT_CONVERSION = YES;
				CLANG_WARN_OBJC_ROOT_CLASS = YES_ERROR;
				CLANG_WARN_UNREACHABLE_CODE = YES;
				CLANG_WARN__DUPLICATE_METHOD_MATCH = YES;
				"CODE_SIGN_IDENTITY[sdk=iphoneos*]" = "iPhone Developer";
				COPY_PHASE_STRIP = NO;
				DEBUG_INFORMATION_FORMAT = "dwarf-with-dsym";
				ENABLE_NS_ASSERTIONS = NO;
				ENABLE_STRICT_OBJC_MSGSEND = YES;
				GCC_C_LANGUAGE_STANDARD = gnu99;
				GCC_NO_COMMON_BLOCKS = YES;
				GCC_WARN_64_TO_32_BIT_CONVERSION = YES;
				GCC_WARN_ABOUT_RETURN_TYPE = YES_ERROR;
				GCC_WARN_UNDECLARED_SELECTOR = YES;
				GCC_WARN_UNINITIALIZED_AUTOS = YES_AGGRESSIVE;
				GCC_WARN_UNUSED_FUNCTION = YES;
				GCC_WARN_UNUSED_VARIABLE = YES;
				IPHONEOS_DEPLOYMENT_TARGET = 9.3;
				MTL_ENABLE_DEBUG_INFO = NO;
				SDKROOT = iphoneos;
				TARGETED_DEVICE_FAMILY = "1,2";
				VALIDATE_PRODUCT = YES;
			};
			name = Release;
		};
		42AB93F01CF1BB04005BE167 /* Debug */ = {
			isa = XCBuildConfiguration;
			buildSettings = {
				ASSETCATALOG_COMPILER_APPICON_NAME = AppIcon;
				INFOPLIST_FILE = "Re-Trek/Info.plist";
				LD_RUNPATH_SEARCH_PATHS = "$(inherited) @executable_path/Frameworks";
				PRODUCT_BUNDLE_IDENTIFIER = "com.austinwood.Re-Trek";
				PRODUCT_NAME = "$(TARGET_NAME)";
			};
			name = Debug;
		};
		42AB93F11CF1BB04005BE167 /* Release */ = {
			isa = XCBuildConfiguration;
			buildSettings = {
				ASSETCATALOG_COMPILER_APPICON_NAME = AppIcon;
				INFOPLIST_FILE = "Re-Trek/Info.plist";
				LD_RUNPATH_SEARCH_PATHS = "$(inherited) @executable_path/Frameworks";
				PRODUCT_BUNDLE_IDENTIFIER = "com.austinwood.Re-Trek";
				PRODUCT_NAME = "$(TARGET_NAME)";
			};
			name = Release;
		};
/* End XCBuildConfiguration section */

/* Begin XCConfigurationList section */
		42AB93D51CF1BB04005BE167 /* Build configuration list for PBXProject "Re-Trek" */ = {
			isa = XCConfigurationList;
			buildConfigurations = (
				42AB93ED1CF1BB04005BE167 /* Debug */,
				42AB93EE1CF1BB04005BE167 /* Release */,
			);
			defaultConfigurationIsVisible = 0;
			defaultConfigurationName = Release;
		};
		42AB93EF1CF1BB04005BE167 /* Build configuration list for PBXNativeTarget "Re-Trek" */ = {
			isa = XCConfigurationList;
			buildConfigurations = (
				42AB93F01CF1BB04005BE167 /* Debug */,
				42AB93F11CF1BB04005BE167 /* Release */,
			);
			defaultConfigurationIsVisible = 0;
		};
/* End XCConfigurationList section */

/* Begin XCVersionGroup section */
		42AB93E41CF1BB04005BE167 /* Re_Trek.xcdatamodeld */ = {
			isa = XCVersionGroup;
			children = (
				42AB93E51CF1BB04005BE167 /* Re_Trek.xcdatamodel */,
			);
			currentVersion = 42AB93E51CF1BB04005BE167 /* Re_Trek.xcdatamodel */;
			path = Re_Trek.xcdatamodeld;
			sourceTree = "<group>";
			versionGroupType = wrapper.xcdatamodel;
		};
/* End XCVersionGroup section */
	};
	rootObject = 42AB93D21CF1BB04005BE167 /* Project object */;
}
